// !$*UTF8*$!
{
	archiveVersion = 1;
	classes = {
	};
	objectVersion = 50;
	objects = {

/* Begin PBXBuildFile section */
		3E4FCEC42457FA050017F883 /* DeviceDefine.swift in Sources */ = {isa = PBXBuildFile; fileRef = 3E4FCEC32457FA050017F883 /* DeviceDefine.swift */; };
		3E4FCEC624580B5C0017F883 /* U17BaseTabBarController.swift in Sources */ = {isa = PBXBuildFile; fileRef = 3E4FCEC524580B5B0017F883 /* U17BaseTabBarController.swift */; };
		3E4FCEC8245820D60017F883 /* BaseTabBarController.swift in Sources */ = {isa = PBXBuildFile; fileRef = 3E4FCEC7245820D60017F883 /* BaseTabBarController.swift */; };
		3EBB58E92457C02D0084FDCC /* DCTTBaseTabBarController.swift in Sources */ = {isa = PBXBuildFile; fileRef = 3EBB58E82457C02D0084FDCC /* DCTTBaseTabBarController.swift */; };
		3EBB58EB2457C3150084FDCC /* BaseViewController.swift in Sources */ = {isa = PBXBuildFile; fileRef = 3EBB58EA2457C3150084FDCC /* BaseViewController.swift */; };
		3EBB58EE2457C3DB0084FDCC /* ColorsFontDefine.swift in Sources */ = {isa = PBXBuildFile; fileRef = 3EBB58ED2457C3DB0084FDCC /* ColorsFontDefine.swift */; };
		3EBB58F42457CAA00084FDCC /* HomeController.swift in Sources */ = {isa = PBXBuildFile; fileRef = 3EBB58F32457CAA00084FDCC /* HomeController.swift */; };
		3EBB58F62457CAB20084FDCC /* TopicController.swift in Sources */ = {isa = PBXBuildFile; fileRef = 3EBB58F52457CAB20084FDCC /* TopicController.swift */; };
		3EBB58F82457CAC30084FDCC /* LifeController.swift in Sources */ = {isa = PBXBuildFile; fileRef = 3EBB58F72457CAC30084FDCC /* LifeController.swift */; };
		3EBB58FA2457CACF0084FDCC /* MineController.swift in Sources */ = {isa = PBXBuildFile; fileRef = 3EBB58F92457CACF0084FDCC /* MineController.swift */; };
		3EEEAE1A23D4733F0054A537 /* AppDelegate.swift in Sources */ = {isa = PBXBuildFile; fileRef = 3EEEAE1923D4733F0054A537 /* AppDelegate.swift */; };
		3EEEAE2323D473420054A537 /* Assets.xcassets in Resources */ = {isa = PBXBuildFile; fileRef = 3EEEAE2223D473420054A537 /* Assets.xcassets */; };
		3EEEAE2623D473420054A537 /* LaunchScreen.storyboard in Resources */ = {isa = PBXBuildFile; fileRef = 3EEEAE2423D473420054A537 /* LaunchScreen.storyboard */; };
/* End PBXBuildFile section */

/* Begin PBXFileReference section */
		3E4FCEC32457FA050017F883 /* DeviceDefine.swift */ = {isa = PBXFileReference; lastKnownFileType = sourcecode.swift; path = DeviceDefine.swift; sourceTree = "<group>"; };
		3E4FCEC524580B5B0017F883 /* U17BaseTabBarController.swift */ = {isa = PBXFileReference; fileEncoding = 4; lastKnownFileType = sourcecode.swift; path = U17BaseTabBarController.swift; sourceTree = "<group>"; };
		3E4FCEC7245820D60017F883 /* BaseTabBarController.swift */ = {isa = PBXFileReference; lastKnownFileType = sourcecode.swift; path = BaseTabBarController.swift; sourceTree = "<group>"; };
		3EBB58E82457C02D0084FDCC /* DCTTBaseTabBarController.swift */ = {isa = PBXFileReference; lastKnownFileType = sourcecode.swift; path = DCTTBaseTabBarController.swift; sourceTree = "<group>"; };
		3EBB58EA2457C3150084FDCC /* BaseViewController.swift */ = {isa = PBXFileReference; lastKnownFileType = sourcecode.swift; path = BaseViewController.swift; sourceTree = "<group>"; };
		3EBB58ED2457C3DB0084FDCC /* ColorsFontDefine.swift */ = {isa = PBXFileReference; lastKnownFileType = sourcecode.swift; path = ColorsFontDefine.swift; sourceTree = "<group>"; };
		3EBB58F32457CAA00084FDCC /* HomeController.swift */ = {isa = PBXFileReference; lastKnownFileType = sourcecode.swift; path = HomeController.swift; sourceTree = "<group>"; };
		3EBB58F52457CAB20084FDCC /* TopicController.swift */ = {isa = PBXFileReference; lastKnownFileType = sourcecode.swift; path = TopicController.swift; sourceTree = "<group>"; };
		3EBB58F72457CAC30084FDCC /* LifeController.swift */ = {isa = PBXFileReference; lastKnownFileType = sourcecode.swift; path = LifeController.swift; sourceTree = "<group>"; };
		3EBB58F92457CACF0084FDCC /* MineController.swift */ = {isa = PBXFileReference; lastKnownFileType = sourcecode.swift; path = MineController.swift; sourceTree = "<group>"; };
		3EEEAE1623D4733F0054A537 /* SwiftDemo.app */ = {isa = PBXFileReference; explicitFileType = wrapper.application; includeInIndex = 0; path = SwiftDemo.app; sourceTree = BUILT_PRODUCTS_DIR; };
		3EEEAE1923D4733F0054A537 /* AppDelegate.swift */ = {isa = PBXFileReference; lastKnownFileType = sourcecode.swift; path = AppDelegate.swift; sourceTree = "<group>"; };
		3EEEAE2223D473420054A537 /* Assets.xcassets */ = {isa = PBXFileReference; lastKnownFileType = folder.assetcatalog; path = Assets.xcassets; sourceTree = "<group>"; };
		3EEEAE2523D473420054A537 /* Base */ = {isa = PBXFileReference; lastKnownFileType = file.storyboard; name = Base; path = Base.lproj/LaunchScreen.storyboard; sourceTree = "<group>"; };
		3EEEAE2723D473420054A537 /* Info.plist */ = {isa = PBXFileReference; lastKnownFileType = text.plist.xml; path = Info.plist; sourceTree = "<group>"; };
/* End PBXFileReference section */

/* Begin PBXFrameworksBuildPhase section */
		3EEEAE1323D4733F0054A537 /* Frameworks */ = {
			isa = PBXFrameworksBuildPhase;
			buildActionMask = 2147483647;
			files = (
			);
			runOnlyForDeploymentPostprocessing = 0;
		};
/* End PBXFrameworksBuildPhase section */

/* Begin PBXGroup section */
		3EBB58E42457BF630084FDCC /* Support */ = {
			isa = PBXGroup;
			children = (
				3EBB58EC2457C3AB0084FDCC /* define */,
				3EBB58E52457BF730084FDCC /* base */,
			);
			path = Support;
			sourceTree = "<group>";
		};
		3EBB58E52457BF730084FDCC /* base */ = {
			isa = PBXGroup;
			children = (
				3EBB58E82457C02D0084FDCC /* DCTTBaseTabBarController.swift */,
				3E4FCEC524580B5B0017F883 /* U17BaseTabBarController.swift */,
				3E4FCEC7245820D60017F883 /* BaseTabBarController.swift */,
				3EBB58EA2457C3150084FDCC /* BaseViewController.swift */,
			);
			path = base;
			sourceTree = "<group>";
		};
		3EBB58E62457BFA10084FDCC /* FunctionModule */ = {
			isa = PBXGroup;
			children = (
				3EBB58EF2457CA5E0084FDCC /* Home */,
				3EBB58F02457CA670084FDCC /* Topic */,
				3EBB58F12457CA730084FDCC /* Life */,
				3EBB58F22457CA7F0084FDCC /* Mine */,
				3EBB58E72457BFBA0084FDCC /* Appdelegate */,
			);
			path = FunctionModule;
			sourceTree = "<group>";
		};
		3EBB58E72457BFBA0084FDCC /* Appdelegate */ = {
			isa = PBXGroup;
			children = (
				3EEEAE1923D4733F0054A537 /* AppDelegate.swift */,
			);
			path = Appdelegate;
			sourceTree = "<group>";
		};
		3EBB58EC2457C3AB0084FDCC /* define */ = {
			isa = PBXGroup;
			children = (
				3EBB58ED2457C3DB0084FDCC /* ColorsFontDefine.swift */,
				3E4FCEC32457FA050017F883 /* DeviceDefine.swift */,
			);
			path = define;
			sourceTree = "<group>";
		};
		3EBB58EF2457CA5E0084FDCC /* Home */ = {
			isa = PBXGroup;
			children = (
				3EBB58F32457CAA00084FDCC /* HomeController.swift */,
			);
			path = Home;
			sourceTree = "<group>";
		};
		3EBB58F02457CA670084FDCC /* Topic */ = {
			isa = PBXGroup;
			children = (
				3EBB58F52457CAB20084FDCC /* TopicController.swift */,
			);
			path = Topic;
			sourceTree = "<group>";
		};
		3EBB58F12457CA730084FDCC /* Life */ = {
			isa = PBXGroup;
			children = (
				3EBB58F72457CAC30084FDCC /* LifeController.swift */,
			);
			path = Life;
			sourceTree = "<group>";
		};
		3EBB58F22457CA7F0084FDCC /* Mine */ = {
			isa = PBXGroup;
			children = (
				3EBB58F92457CACF0084FDCC /* MineController.swift */,
			);
			path = Mine;
			sourceTree = "<group>";
		};
		3EEEAE0D23D4733F0054A537 = {
			isa = PBXGroup;
			children = (
				3EEEAE1823D4733F0054A537 /* SwiftDemo */,
				3EEEAE1723D4733F0054A537 /* Products */,
			);
			sourceTree = "<group>";
		};
		3EEEAE1723D4733F0054A537 /* Products */ = {
			isa = PBXGroup;
			children = (
				3EEEAE1623D4733F0054A537 /* SwiftDemo.app */,
			);
			name = Products;
			sourceTree = "<group>";
		};
		3EEEAE1823D4733F0054A537 /* SwiftDemo */ = {
			isa = PBXGroup;
			children = (
				3EBB58E62457BFA10084FDCC /* FunctionModule */,
				3EBB58E42457BF630084FDCC /* Support */,
				3EEEAE2223D473420054A537 /* Assets.xcassets */,
				3EEEAE2423D473420054A537 /* LaunchScreen.storyboard */,
				3EEEAE2723D473420054A537 /* Info.plist */,
			);
			path = SwiftDemo;
			sourceTree = "<group>";
		};
/* End PBXGroup section */

/* Begin PBXNativeTarget section */
		3EEEAE1523D4733F0054A537 /* SwiftDemo */ = {
			isa = PBXNativeTarget;
			buildConfigurationList = 3EEEAE2A23D473420054A537 /* Build configuration list for PBXNativeTarget "SwiftDemo" */;
			buildPhases = (
				3EEEAE1223D4733F0054A537 /* Sources */,
				3EEEAE1323D4733F0054A537 /* Frameworks */,
				3EEEAE1423D4733F0054A537 /* Resources */,
			);
			buildRules = (
			);
			dependencies = (
			);
			name = SwiftDemo;
			productName = SwiftDemo;
			productReference = 3EEEAE1623D4733F0054A537 /* SwiftDemo.app */;
			productType = "com.apple.product-type.application";
		};
/* End PBXNativeTarget section */

/* Begin PBXProject section */
		3EEEAE0E23D4733F0054A537 /* Project object */ = {
			isa = PBXProject;
			attributes = {
				LastSwiftUpdateCheck = 1130;
				LastUpgradeCheck = 1130;
				ORGANIZATIONNAME = zhumuzhi;
				TargetAttributes = {
					3EEEAE1523D4733F0054A537 = {
						CreatedOnToolsVersion = 11.3;
					};
				};
			};
			buildConfigurationList = 3EEEAE1123D4733F0054A537 /* Build configuration list for PBXProject "SwiftDemo" */;
			compatibilityVersion = "Xcode 9.3";
			developmentRegion = en;
			hasScannedForEncodings = 0;
			knownRegions = (
				en,
				Base,
			);
			mainGroup = 3EEEAE0D23D4733F0054A537;
			productRefGroup = 3EEEAE1723D4733F0054A537 /* Products */;
			projectDirPath = "";
			projectRoot = "";
			targets = (
				3EEEAE1523D4733F0054A537 /* SwiftDemo */,
			);
		};
/* End PBXProject section */

/* Begin PBXResourcesBuildPhase section */
		3EEEAE1423D4733F0054A537 /* Resources */ = {
			isa = PBXResourcesBuildPhase;
			buildActionMask = 2147483647;
			files = (
				3EEEAE2623D473420054A537 /* LaunchScreen.storyboard in Resources */,
				3EEEAE2323D473420054A537 /* Assets.xcassets in Resources */,
			);
			runOnlyForDeploymentPostprocessing = 0;
		};
/* End PBXResourcesBuildPhase section */

/* Begin PBXSourcesBuildPhase section */
		3EEEAE1223D4733F0054A537 /* Sources */ = {
			isa = PBXSourcesBuildPhase;
			buildActionMask = 2147483647;
			files = (
				3EBB58EB2457C3150084FDCC /* BaseViewController.swift in Sources */,
				3EBB58E92457C02D0084FDCC /* DCTTBaseTabBarController.swift in Sources */,
				3EBB58F42457CAA00084FDCC /* HomeController.swift in Sources */,
				3EBB58F62457CAB20084FDCC /* TopicController.swift in Sources */,
				3E4FCEC42457FA050017F883 /* DeviceDefine.swift in Sources */,
				3EEEAE1A23D4733F0054A537 /* AppDelegate.swift in Sources */,
				3E4FCEC8245820D60017F883 /* BaseTabBarController.swift in Sources */,
				3EBB58F82457CAC30084FDCC /* LifeController.swift in Sources */,
				3EBB58FA2457CACF0084FDCC /* MineController.swift in Sources */,
				3EBB58EE2457C3DB0084FDCC /* ColorsFontDefine.swift in Sources */,
				3E4FCEC624580B5C0017F883 /* U17BaseTabBarController.swift in Sources */,
			);
			runOnlyForDeploymentPostprocessing = 0;
		};
/* End PBXSourcesBuildPhase section */

/* Begin PBXVariantGroup section */
		3EEEAE2423D473420054A537 /* LaunchScreen.storyboard */ = {
			isa = PBXVariantGroup;
			children = (
				3EEEAE2523D473420054A537 /* Base */,
			);
			name = LaunchScreen.storyboard;
			sourceTree = "<group>";
		};
/* End PBXVariantGroup section */

/* Begin XCBuildConfiguration section */
		3EEEAE2823D473420054A537 /* Debug */ = {
			isa = XCBuildConfiguration;
			buildSettings = {
				ALWAYS_SEARCH_USER_PATHS = NO;
				CLANG_ANALYZER_NONNULL = YES;
				CLANG_ANALYZER_NUMBER_OBJECT_CONVERSION = YES_AGGRESSIVE;
				CLANG_CXX_LANGUAGE_STANDARD = "gnu++14";
				CLANG_CXX_LIBRARY = "libc++";
				CLANG_ENABLE_MODULES = YES;
				CLANG_ENABLE_OBJC_ARC = YES;
				CLANG_ENABLE_OBJC_WEAK = YES;
				CLANG_WARN_BLOCK_CAPTURE_AUTORELEASING = YES;
				CLANG_WARN_BOOL_CONVERSION = YES;
				CLANG_WARN_COMMA = YES;
				CLANG_WARN_CONSTANT_CONVERSION = YES;
				CLANG_WARN_DEPRECATED_OBJC_IMPLEMENTATIONS = YES;
				CLANG_WARN_DIRECT_OBJC_ISA_USAGE = YES_ERROR;
				CLANG_WARN_DOCUMENTATION_COMMENTS = YES;
				CLANG_WARN_EMPTY_BODY = YES;
				CLANG_WARN_ENUM_CONVERSION = YES;
				CLANG_WARN_INFINITE_RECURSION = YES;
				CLANG_WARN_INT_CONVERSION = YES;
				CLANG_WARN_NON_LITERAL_NULL_CONVERSION = YES;
				CLANG_WARN_OBJC_IMPLICIT_RETAIN_SELF = YES;
				CLANG_WARN_OBJC_LITERAL_CONVERSION = YES;
				CLANG_WARN_OBJC_ROOT_CLASS = YES_ERROR;
				CLANG_WARN_RANGE_LOOP_ANALYSIS = YES;
				CLANG_WARN_STRICT_PROTOTYPES = YES;
				CLANG_WARN_SUSPICIOUS_MOVE = YES;
				CLANG_WARN_UNGUARDED_AVAILABILITY = YES_AGGRESSIVE;
				CLANG_WARN_UNREACHABLE_CODE = YES;
				CLANG_WARN__DUPLICATE_METHOD_MATCH = YES;
				COPY_PHASE_STRIP = NO;
				DEBUG_INFORMATION_FORMAT = dwarf;
				ENABLE_STRICT_OBJC_MSGSEND = YES;
				ENABLE_TESTABILITY = YES;
				GCC_C_LANGUAGE_STANDARD = gnu11;
				GCC_DYNAMIC_NO_PIC = NO;
				GCC_NO_COMMON_BLOCKS = YES;
				GCC_OPTIMIZATION_LEVEL = 0;
				GCC_PREPROCESSOR_DEFINITIONS = (
					"DEBUG=1",
					"$(inherited)",
				);
				GCC_WARN_64_TO_32_BIT_CONVERSION = YES;
				GCC_WARN_ABOUT_RETURN_TYPE = YES_ERROR;
				GCC_WARN_UNDECLARED_SELECTOR = YES;
				GCC_WARN_UNINITIALIZED_AUTOS = YES_AGGRESSIVE;
				GCC_WARN_UNUSED_FUNCTION = YES;
				GCC_WARN_UNUSED_VARIABLE = YES;
				IPHONEOS_DEPLOYMENT_TARGET = 13.2;
				MTL_ENABLE_DEBUG_INFO = INCLUDE_SOURCE;
				MTL_FAST_MATH = YES;
				ONLY_ACTIVE_ARCH = YES;
				SDKROOT = iphoneos;
				SWIFT_ACTIVE_COMPILATION_CONDITIONS = DEBUG;
				SWIFT_OPTIMIZATION_LEVEL = "-Onone";
			};
			name = Debug;
		};
		3EEEAE2923D473420054A537 /* Release */ = {
			isa = XCBuildConfiguration;
			buildSettings = {
				ALWAYS_SEARCH_USER_PATHS = NO;
				CLANG_ANALYZER_NONNULL = YES;
				CLANG_ANALYZER_NUMBER_OBJECT_CONVERSION = YES_AGGRESSIVE;
				CLANG_CXX_LANGUAGE_STANDARD = "gnu++14";
				CLANG_CXX_LIBRARY = "libc++";
				CLANG_ENABLE_MODULES = YES;
				CLANG_ENABLE_OBJC_ARC = YES;
				CLANG_ENABLE_OBJC_WEAK = YES;
				CLANG_WARN_BLOCK_CAPTURE_AUTORELEASING = YES;
				CLANG_WARN_BOOL_CONVERSION = YES;
				CLANG_WARN_COMMA = YES;
				CLANG_WARN_CONSTANT_CONVERSION = YES;
				CLANG_WARN_DEPRECATED_OBJC_IMPLEMENTATIONS = YES;
				CLANG_WARN_DIRECT_OBJC_ISA_USAGE = YES_ERROR;
				CLANG_WARN_DOCUMENTATION_COMMENTS = YES;
				CLANG_WARN_EMPTY_BODY = YES;
				CLANG_WARN_ENUM_CONVERSION = YES;
				CLANG_WARN_INFINITE_RECURSION = YES;
				CLANG_WARN_INT_CONVERSION = YES;
				CLANG_WARN_NON_LITERAL_NULL_CONVERSION = YES;
				CLANG_WARN_OBJC_IMPLICIT_RETAIN_SELF = YES;
				CLANG_WARN_OBJC_LITERAL_CONVERSION = YES;
				CLANG_WARN_OBJC_ROOT_CLASS = YES_ERROR;
				CLANG_WARN_RANGE_LOOP_ANALYSIS = YES;
				CLANG_WARN_STRICT_PROTOTYPES = YES;
				CLANG_WARN_SUSPICIOUS_MOVE = YES;
				CLANG_WARN_UNGUARDED_AVAILABILITY = YES_AGGRESSIVE;
				CLANG_WARN_UNREACHABLE_CODE = YES;
				CLANG_WARN__DUPLICATE_METHOD_MATCH = YES;
				COPY_PHASE_STRIP = NO;
				DEBUG_INFORMATION_FORMAT = "dwarf-with-dsym";
				ENABLE_NS_ASSERTIONS = NO;
				ENABLE_STRICT_OBJC_MSGSEND = YES;
				GCC_C_LANGUAGE_STANDARD = gnu11;
				GCC_NO_COMMON_BLOCKS = YES;
				GCC_WARN_64_TO_32_BIT_CONVERSION = YES;
				GCC_WARN_ABOUT_RETURN_TYPE = YES_ERROR;
				GCC_WARN_UNDECLARED_SELECTOR = YES;
				GCC_WARN_UNINITIALIZED_AUTOS = YES_AGGRESSIVE;
				GCC_WARN_UNUSED_FUNCTION = YES;
				GCC_WARN_UNUSED_VARIABLE = YES;
				IPHONEOS_DEPLOYMENT_TARGET = 13.2;
				MTL_ENABLE_DEBUG_INFO = NO;
				MTL_FAST_MATH = YES;
				SDKROOT = iphoneos;
				SWIFT_COMPILATION_MODE = wholemodule;
				SWIFT_OPTIMIZATION_LEVEL = "-O";
				VALIDATE_PRODUCT = YES;
			};
			name = Release;
		};
		3EEEAE2B23D473420054A537 /* Debug */ = {
			isa = XCBuildConfiguration;
			buildSettings = {
				ASSETCATALOG_COMPILER_APPICON_NAME = AppIcon;
				CODE_SIGN_STYLE = Automatic;
				DEVELOPMENT_TEAM = GFW576JD52;
				INFOPLIST_FILE = SwiftDemo/Info.plist;
				LD_RUNPATH_SEARCH_PATHS = (
					"$(inherited)",
					"@executable_path/Frameworks",
				);
				PRODUCT_BUNDLE_IDENTIFIER = com.zhumuzhi.SwiftDemo;
				PRODUCT_NAME = "$(TARGET_NAME)";
				SWIFT_VERSION = 5.0;
				TARGETED_DEVICE_FAMILY = "1,2";
			};
			name = Debug;
		};
		3EEEAE2C23D473420054A537 /* Release */ = {
			isa = XCBuildConfiguration;
			buildSettings = {
				ASSETCATALOG_COMPILER_APPICON_NAME = AppIcon;
				CODE_SIGN_STYLE = Automatic;
				DEVELOPMENT_TEAM = GFW576JD52;
				INFOPLIST_FILE = SwiftDemo/Info.plist;
				LD_RUNPATH_SEARCH_PATHS = (
					"$(inherited)",
					"@executable_path/Frameworks",
				);
				PRODUCT_BUNDLE_IDENTIFIER = com.zhumuzhi.SwiftDemo;
				PRODUCT_NAME = "$(TARGET_NAME)";
				SWIFT_VERSION = 5.0;
				TARGETED_DEVICE_FAMILY = "1,2";
			};
			name = Release;
		};
/* End XCBuildConfiguration section */

/* Begin XCConfigurationList section */
		3EEEAE1123D4733F0054A537 /* Build configuration list for PBXProject "SwiftDemo" */ = {
			isa = XCConfigurationList;
			buildConfigurations = (
				3EEEAE2823D473420054A537 /* Debug */,
				3EEEAE2923D473420054A537 /* Release */,
			);
			defaultConfigurationIsVisible = 0;
			defaultConfigurationName = Release;
		};
		3EEEAE2A23D473420054A537 /* Build configuration list for PBXNativeTarget "SwiftDemo" */ = {
			isa = XCConfigurationList;
			buildConfigurations = (
				3EEEAE2B23D473420054A537 /* Debug */,
				3EEEAE2C23D473420054A537 /* Release */,
			);
			defaultConfigurationIsVisible = 0;
			defaultConfigurationName = Release;
		};
/* End XCConfigurationList section */
	};
	rootObject = 3EEEAE0E23D4733F0054A537 /* Project object */;
}
